
Microsoft Visual Studio Solution File, Format Version 11.00
# Visual Studio 2010
Project("{FAE04EC0-301F-11D3-BF4B-00C04F79EFBC}") = "PushBoll", "Assembly-CSharp.csproj", "{DA9CF9EB-8BE7-D77C-B6E7-72C6B0F2335D}"
EndProject
Global
	GlobalSection(SolutionConfigurationPlatforms) = preSolution
		Debug|Any CPU = Debug|Any CPU
		Release|Any CPU = Release|Any CPU
	EndGlobalSection
	GlobalSection(ProjectConfigurationPlatforms) = postSolution
		{DA9CF9EB-8BE7-D77C-B6E7-72C6B0F2335D}.Debug|Any CPU.ActiveCfg = Debug|Any CPU
		{DA9CF9EB-8BE7-D77C-B6E7-72C6B0F2335D}.Debug|Any CPU.Build.0 = Debug|Any CPU
		{DA9CF9EB-8BE7-D77C-B6E7-72C6B0F2335D}.Release|Any CPU.ActiveCfg = Release|Any CPU
		{DA9CF9EB-8BE7-D77C-B6E7-72C6B0F2335D}.Release|Any CPU.Build.0 = Release|Any CPU
	EndGlobalSection
	GlobalSection(SolutionProperties) = preSolution
		HideSolutionNode = FALSE
	EndGlobalSection
	GlobalSection(MonoDevelopProperties) = preSolution
		StartupItem = Assembly-CSharp.csproj
	EndGlobalSection
EndGlobal
